
Microsoft Visual Studio Solution File, Format Version 12.00
# Visual Studio Version 17
VisualStudioVersion = 17.11.35222.181
MinimumVisualStudioVersion = 10.0.40219.1
Project("{FAE04EC0-301F-11D3-BF4B-00C04F79EFBC}") = "Zahnarztpraxis", "Zahnarztpraxis.csproj", "{28AB5E1B-6DF1-4895-A0F5-4867CE53ACEB}"
EndProject
Global
	GlobalSection(SolutionConfigurationPlatforms) = preSolution
		Debug|Any CPU = Debug|Any CPU
		Release|Any CPU = Release|Any CPU
	EndGlobalSection
	GlobalSection(ProjectConfigurationPlatforms) = postSolution
		{28AB5E1B-6DF1-4895-A0F5-4867CE53ACEB}.Debug|Any CPU.ActiveCfg = Debug|Any CPU
		{28AB5E1B-6DF1-4895-A0F5-4867CE53ACEB}.Debug|Any CPU.Build.0 = Debug|Any CPU
		{28AB5E1B-6DF1-4895-A0F5-4867CE53ACEB}.Release|Any CPU.ActiveCfg = Release|Any CPU
		{28AB5E1B-6DF1-4895-A0F5-4867CE53ACEB}.Release|Any CPU.Build.0 = Release|Any CPU
	EndGlobalSection
	GlobalSection(SolutionProperties) = preSolution
		HideSolutionNode = FALSE
	EndGlobalSection
	GlobalSection(ExtensibilityGlobals) = postSolution
		SolutionGuid = {AF8F457B-7FCA-4CFD-936B-548F5F663374}
	EndGlobalSection
EndGlobal
