
Microsoft Visual Studio Solution File, Format Version 12.00
# Visual Studio Version 17
VisualStudioVersion = 17.11.35222.181
MinimumVisualStudioVersion = 10.0.40219.1
Project("{FAE04EC0-301F-11D3-BF4B-00C04F79EFBC}") = "Bruchrechnung", "Bruchrechnung.csproj", "{3B0FBFF6-DE7D-4F72-B258-1DEA7773F7D3}"
EndProject
Global
	GlobalSection(SolutionConfigurationPlatforms) = preSolution
		Debug|Any CPU = Debug|Any CPU
		Release|Any CPU = Release|Any CPU
	EndGlobalSection
	GlobalSection(ProjectConfigurationPlatforms) = postSolution
		{3B0FBFF6-DE7D-4F72-B258-1DEA7773F7D3}.Debug|Any CPU.ActiveCfg = Debug|Any CPU
		{3B0FBFF6-DE7D-4F72-B258-1DEA7773F7D3}.Debug|Any CPU.Build.0 = Debug|Any CPU
		{3B0FBFF6-DE7D-4F72-B258-1DEA7773F7D3}.Release|Any CPU.ActiveCfg = Release|Any CPU
		{3B0FBFF6-DE7D-4F72-B258-1DEA7773F7D3}.Release|Any CPU.Build.0 = Release|Any CPU
	EndGlobalSection
	GlobalSection(SolutionProperties) = preSolution
		HideSolutionNode = FALSE
	EndGlobalSection
	GlobalSection(ExtensibilityGlobals) = postSolution
		SolutionGuid = {408F8F27-28C5-463B-A86A-F1EAA20B2BD8}
	EndGlobalSection
EndGlobal
