
Microsoft Visual Studio Solution File, Format Version 12.00
# Visual Studio Version 17
VisualStudioVersion = 17.11.35222.181
MinimumVisualStudioVersion = 10.0.40219.1
Project("{FAE04EC0-301F-11D3-BF4B-00C04F79EFBC}") = "Exception 2", "Exception 2.csproj", "{887AD61F-5B98-49EF-AB57-092E8EFD1BB5}"
EndProject
Global
	GlobalSection(SolutionConfigurationPlatforms) = preSolution
		Debug|Any CPU = Debug|Any CPU
		Release|Any CPU = Release|Any CPU
	EndGlobalSection
	GlobalSection(ProjectConfigurationPlatforms) = postSolution
		{887AD61F-5B98-49EF-AB57-092E8EFD1BB5}.Debug|Any CPU.ActiveCfg = Debug|Any CPU
		{887AD61F-5B98-49EF-AB57-092E8EFD1BB5}.Debug|Any CPU.Build.0 = Debug|Any CPU
		{887AD61F-5B98-49EF-AB57-092E8EFD1BB5}.Release|Any CPU.ActiveCfg = Release|Any CPU
		{887AD61F-5B98-49EF-AB57-092E8EFD1BB5}.Release|Any CPU.Build.0 = Release|Any CPU
	EndGlobalSection
	GlobalSection(SolutionProperties) = preSolution
		HideSolutionNode = FALSE
	EndGlobalSection
	GlobalSection(ExtensibilityGlobals) = postSolution
		SolutionGuid = {A7CCEA4E-8C10-42F1-9DB7-23B958FCE8D8}
	EndGlobalSection
EndGlobal
