
Microsoft Visual Studio Solution File, Format Version 12.00
# Visual Studio Version 17
VisualStudioVersion = 17.11.35222.181
MinimumVisualStudioVersion = 10.0.40219.1
Project("{FAE04EC0-301F-11D3-BF4B-00C04F79EFBC}") = "Linq", "Linq.csproj", "{043C8DC0-D210-45B8-8868-AF0ABDB677BF}"
EndProject
Global
	GlobalSection(SolutionConfigurationPlatforms) = preSolution
		Debug|Any CPU = Debug|Any CPU
		Release|Any CPU = Release|Any CPU
	EndGlobalSection
	GlobalSection(ProjectConfigurationPlatforms) = postSolution
		{043C8DC0-D210-45B8-8868-AF0ABDB677BF}.Debug|Any CPU.ActiveCfg = Debug|Any CPU
		{043C8DC0-D210-45B8-8868-AF0ABDB677BF}.Debug|Any CPU.Build.0 = Debug|Any CPU
		{043C8DC0-D210-45B8-8868-AF0ABDB677BF}.Release|Any CPU.ActiveCfg = Release|Any CPU
		{043C8DC0-D210-45B8-8868-AF0ABDB677BF}.Release|Any CPU.Build.0 = Release|Any CPU
	EndGlobalSection
	GlobalSection(SolutionProperties) = preSolution
		HideSolutionNode = FALSE
	EndGlobalSection
	GlobalSection(ExtensibilityGlobals) = postSolution
		SolutionGuid = {F294C788-AD19-460B-A456-BD0799968AF3}
	EndGlobalSection
EndGlobal
