
Microsoft Visual Studio Solution File, Format Version 12.00
# Visual Studio Version 17
VisualStudioVersion = 17.11.35222.181
MinimumVisualStudioVersion = 10.0.40219.1
Project("{FAE04EC0-301F-11D3-BF4B-00C04F79EFBC}") = "Linq4", "Linq4.csproj", "{1ECBC3A9-171A-4EA9-945C-B9641DEFA090}"
EndProject
Global
	GlobalSection(SolutionConfigurationPlatforms) = preSolution
		Debug|Any CPU = Debug|Any CPU
		Release|Any CPU = Release|Any CPU
	EndGlobalSection
	GlobalSection(ProjectConfigurationPlatforms) = postSolution
		{1ECBC3A9-171A-4EA9-945C-B9641DEFA090}.Debug|Any CPU.ActiveCfg = Debug|Any CPU
		{1ECBC3A9-171A-4EA9-945C-B9641DEFA090}.Debug|Any CPU.Build.0 = Debug|Any CPU
		{1ECBC3A9-171A-4EA9-945C-B9641DEFA090}.Release|Any CPU.ActiveCfg = Release|Any CPU
		{1ECBC3A9-171A-4EA9-945C-B9641DEFA090}.Release|Any CPU.Build.0 = Release|Any CPU
	EndGlobalSection
	GlobalSection(SolutionProperties) = preSolution
		HideSolutionNode = FALSE
	EndGlobalSection
	GlobalSection(ExtensibilityGlobals) = postSolution
		SolutionGuid = {1545C720-C91F-46A3-B2DE-EFA697596C1A}
	EndGlobalSection
EndGlobal
