
Microsoft Visual Studio Solution File, Format Version 12.00
# Visual Studio Version 17
VisualStudioVersion = 17.11.35222.181
MinimumVisualStudioVersion = 10.0.40219.1
Project("{FAE04EC0-301F-11D3-BF4B-00C04F79EFBC}") = "Viergw", "Viergw.csproj", "{6AC59CD8-ECC7-4C09-B10C-793ACD7E548F}"
EndProject
Global
	GlobalSection(SolutionConfigurationPlatforms) = preSolution
		Debug|Any CPU = Debug|Any CPU
		Release|Any CPU = Release|Any CPU
	EndGlobalSection
	GlobalSection(ProjectConfigurationPlatforms) = postSolution
		{6AC59CD8-ECC7-4C09-B10C-793ACD7E548F}.Debug|Any CPU.ActiveCfg = Debug|Any CPU
		{6AC59CD8-ECC7-4C09-B10C-793ACD7E548F}.Debug|Any CPU.Build.0 = Debug|Any CPU
		{6AC59CD8-ECC7-4C09-B10C-793ACD7E548F}.Release|Any CPU.ActiveCfg = Release|Any CPU
		{6AC59CD8-ECC7-4C09-B10C-793ACD7E548F}.Release|Any CPU.Build.0 = Release|Any CPU
	EndGlobalSection
	GlobalSection(SolutionProperties) = preSolution
		HideSolutionNode = FALSE
	EndGlobalSection
	GlobalSection(ExtensibilityGlobals) = postSolution
		SolutionGuid = {BD683C39-02AE-4F82-8312-080FCCD65FF0}
	EndGlobalSection
EndGlobal
