
Microsoft Visual Studio Solution File, Format Version 12.00
# Visual Studio Version 17
VisualStudioVersion = 17.11.35222.181
MinimumVisualStudioVersion = 10.0.40219.1
Project("{FAE04EC0-301F-11D3-BF4B-00C04F79EFBC}") = "Rekursion", "Rekursion.csproj", "{F39A9208-86F5-4730-8DF4-36E6F9BD41A8}"
EndProject
Project("{FAE04EC0-301F-11D3-BF4B-00C04F79EFBC}") = "Linien", "..\Linien\Linien.csproj", "{FB18DB13-3AC8-49A5-99F8-02C153A39D5A}"
EndProject
Global
	GlobalSection(SolutionConfigurationPlatforms) = preSolution
		Debug|Any CPU = Debug|Any CPU
		Release|Any CPU = Release|Any CPU
	EndGlobalSection
	GlobalSection(ProjectConfigurationPlatforms) = postSolution
		{F39A9208-86F5-4730-8DF4-36E6F9BD41A8}.Debug|Any CPU.ActiveCfg = Debug|Any CPU
		{F39A9208-86F5-4730-8DF4-36E6F9BD41A8}.Debug|Any CPU.Build.0 = Debug|Any CPU
		{F39A9208-86F5-4730-8DF4-36E6F9BD41A8}.Release|Any CPU.ActiveCfg = Release|Any CPU
		{F39A9208-86F5-4730-8DF4-36E6F9BD41A8}.Release|Any CPU.Build.0 = Release|Any CPU
		{FB18DB13-3AC8-49A5-99F8-02C153A39D5A}.Debug|Any CPU.ActiveCfg = Debug|Any CPU
		{FB18DB13-3AC8-49A5-99F8-02C153A39D5A}.Debug|Any CPU.Build.0 = Debug|Any CPU
		{FB18DB13-3AC8-49A5-99F8-02C153A39D5A}.Release|Any CPU.ActiveCfg = Release|Any CPU
		{FB18DB13-3AC8-49A5-99F8-02C153A39D5A}.Release|Any CPU.Build.0 = Release|Any CPU
	EndGlobalSection
	GlobalSection(SolutionProperties) = preSolution
		HideSolutionNode = FALSE
	EndGlobalSection
	GlobalSection(ExtensibilityGlobals) = postSolution
		SolutionGuid = {CA8DCA69-F27E-4C54-B0A7-2CF12655C715}
	EndGlobalSection
EndGlobal
