
Microsoft Visual Studio Solution File, Format Version 12.00
# Visual Studio Version 17
VisualStudioVersion = 17.11.35222.181
MinimumVisualStudioVersion = 10.0.40219.1
Project("{FAE04EC0-301F-11D3-BF4B-00C04F79EFBC}") = "SimpleList", "SimpleList.csproj", "{84CD9A69-857C-4911-8502-AC146D336417}"
EndProject
Global
	GlobalSection(SolutionConfigurationPlatforms) = preSolution
		Debug|Any CPU = Debug|Any CPU
		Release|Any CPU = Release|Any CPU
	EndGlobalSection
	GlobalSection(ProjectConfigurationPlatforms) = postSolution
		{84CD9A69-857C-4911-8502-AC146D336417}.Debug|Any CPU.ActiveCfg = Debug|Any CPU
		{84CD9A69-857C-4911-8502-AC146D336417}.Debug|Any CPU.Build.0 = Debug|Any CPU
		{84CD9A69-857C-4911-8502-AC146D336417}.Release|Any CPU.ActiveCfg = Release|Any CPU
		{84CD9A69-857C-4911-8502-AC146D336417}.Release|Any CPU.Build.0 = Release|Any CPU
	EndGlobalSection
	GlobalSection(SolutionProperties) = preSolution
		HideSolutionNode = FALSE
	EndGlobalSection
	GlobalSection(ExtensibilityGlobals) = postSolution
		SolutionGuid = {61656F7F-688D-4405-B560-B2A8A2806A8E}
	EndGlobalSection
EndGlobal
