
Microsoft Visual Studio Solution File, Format Version 12.00
# Visual Studio Version 17
VisualStudioVersion = 17.11.35222.181
MinimumVisualStudioVersion = 10.0.40219.1
Project("{FAE04EC0-301F-11D3-BF4B-00C04F79EFBC}") = "Froschkoenig", "Froschkoenig.csproj", "{1D61BEF4-C6EE-451A-93FC-5BDA92568999}"
EndProject
Global
	GlobalSection(SolutionConfigurationPlatforms) = preSolution
		Debug|Any CPU = Debug|Any CPU
		Release|Any CPU = Release|Any CPU
	EndGlobalSection
	GlobalSection(ProjectConfigurationPlatforms) = postSolution
		{1D61BEF4-C6EE-451A-93FC-5BDA92568999}.Debug|Any CPU.ActiveCfg = Debug|Any CPU
		{1D61BEF4-C6EE-451A-93FC-5BDA92568999}.Debug|Any CPU.Build.0 = Debug|Any CPU
		{1D61BEF4-C6EE-451A-93FC-5BDA92568999}.Release|Any CPU.ActiveCfg = Release|Any CPU
		{1D61BEF4-C6EE-451A-93FC-5BDA92568999}.Release|Any CPU.Build.0 = Release|Any CPU
	EndGlobalSection
	GlobalSection(SolutionProperties) = preSolution
		HideSolutionNode = FALSE
	EndGlobalSection
	GlobalSection(ExtensibilityGlobals) = postSolution
		SolutionGuid = {2C70AF5D-4892-4292-A4B1-51055A7EC9E6}
	EndGlobalSection
EndGlobal
