
Microsoft Visual Studio Solution File, Format Version 12.00
# Visual Studio Version 17
VisualStudioVersion = 17.11.35222.181
MinimumVisualStudioVersion = 10.0.40219.1
Project("{FAE04EC0-301F-11D3-BF4B-00C04F79EFBC}") = "Geometrieistsuper", "Geometrieistsuper.csproj", "{907DB6BA-CA3A-4B49-B353-882557EC21B9}"
EndProject
Global
	GlobalSection(SolutionConfigurationPlatforms) = preSolution
		Debug|Any CPU = Debug|Any CPU
		Release|Any CPU = Release|Any CPU
	EndGlobalSection
	GlobalSection(ProjectConfigurationPlatforms) = postSolution
		{907DB6BA-CA3A-4B49-B353-882557EC21B9}.Debug|Any CPU.ActiveCfg = Debug|Any CPU
		{907DB6BA-CA3A-4B49-B353-882557EC21B9}.Debug|Any CPU.Build.0 = Debug|Any CPU
		{907DB6BA-CA3A-4B49-B353-882557EC21B9}.Release|Any CPU.ActiveCfg = Release|Any CPU
		{907DB6BA-CA3A-4B49-B353-882557EC21B9}.Release|Any CPU.Build.0 = Release|Any CPU
	EndGlobalSection
	GlobalSection(SolutionProperties) = preSolution
		HideSolutionNode = FALSE
	EndGlobalSection
	GlobalSection(ExtensibilityGlobals) = postSolution
		SolutionGuid = {B4B08ABC-F5AC-46C3-B9FB-6E1DD81FB80E}
	EndGlobalSection
EndGlobal
