
Microsoft Visual Studio Solution File, Format Version 12.00
# Visual Studio Version 17
VisualStudioVersion = 17.11.35222.181
MinimumVisualStudioVersion = 10.0.40219.1
Project("{FAE04EC0-301F-11D3-BF4B-00C04F79EFBC}") = "Generics", "Generics.csproj", "{39C89D9A-581E-4D6A-8A06-6F663ACFCF74}"
EndProject
Global
	GlobalSection(SolutionConfigurationPlatforms) = preSolution
		Debug|Any CPU = Debug|Any CPU
		Release|Any CPU = Release|Any CPU
	EndGlobalSection
	GlobalSection(ProjectConfigurationPlatforms) = postSolution
		{39C89D9A-581E-4D6A-8A06-6F663ACFCF74}.Debug|Any CPU.ActiveCfg = Debug|Any CPU
		{39C89D9A-581E-4D6A-8A06-6F663ACFCF74}.Debug|Any CPU.Build.0 = Debug|Any CPU
		{39C89D9A-581E-4D6A-8A06-6F663ACFCF74}.Release|Any CPU.ActiveCfg = Release|Any CPU
		{39C89D9A-581E-4D6A-8A06-6F663ACFCF74}.Release|Any CPU.Build.0 = Release|Any CPU
	EndGlobalSection
	GlobalSection(SolutionProperties) = preSolution
		HideSolutionNode = FALSE
	EndGlobalSection
	GlobalSection(ExtensibilityGlobals) = postSolution
		SolutionGuid = {6A8943AE-AF69-41AD-879E-494615A69476}
	EndGlobalSection
EndGlobal
