
Microsoft Visual Studio Solution File, Format Version 12.00
# Visual Studio Version 17
VisualStudioVersion = 17.11.35222.181
MinimumVisualStudioVersion = 10.0.40219.1
Project("{FAE04EC0-301F-11D3-BF4B-00C04F79EFBC}") = "Erweiterungsmethoden(String)", "Erweiterungsmethoden(String).csproj", "{2D8065FE-DC9E-4A75-9091-84C6FDD561F9}"
EndProject
Global
	GlobalSection(SolutionConfigurationPlatforms) = preSolution
		Debug|Any CPU = Debug|Any CPU
		Release|Any CPU = Release|Any CPU
	EndGlobalSection
	GlobalSection(ProjectConfigurationPlatforms) = postSolution
		{2D8065FE-DC9E-4A75-9091-84C6FDD561F9}.Debug|Any CPU.ActiveCfg = Debug|Any CPU
		{2D8065FE-DC9E-4A75-9091-84C6FDD561F9}.Debug|Any CPU.Build.0 = Debug|Any CPU
		{2D8065FE-DC9E-4A75-9091-84C6FDD561F9}.Release|Any CPU.ActiveCfg = Release|Any CPU
		{2D8065FE-DC9E-4A75-9091-84C6FDD561F9}.Release|Any CPU.Build.0 = Release|Any CPU
	EndGlobalSection
	GlobalSection(SolutionProperties) = preSolution
		HideSolutionNode = FALSE
	EndGlobalSection
	GlobalSection(ExtensibilityGlobals) = postSolution
		SolutionGuid = {FC6F6A28-E8C2-4F91-AB40-B1DA68594BCC}
	EndGlobalSection
EndGlobal
