
Microsoft Visual Studio Solution File, Format Version 12.00
# Visual Studio Version 17
VisualStudioVersion = 17.11.35222.181
MinimumVisualStudioVersion = 10.0.40219.1
Project("{FAE04EC0-301F-11D3-BF4B-00C04F79EFBC}") = "JSONNNNNN", "JSONNNNNN.csproj", "{70DC6845-9039-4885-8183-3C1F72E4E182}"
EndProject
Global
	GlobalSection(SolutionConfigurationPlatforms) = preSolution
		Debug|Any CPU = Debug|Any CPU
		Release|Any CPU = Release|Any CPU
	EndGlobalSection
	GlobalSection(ProjectConfigurationPlatforms) = postSolution
		{70DC6845-9039-4885-8183-3C1F72E4E182}.Debug|Any CPU.ActiveCfg = Debug|Any CPU
		{70DC6845-9039-4885-8183-3C1F72E4E182}.Debug|Any CPU.Build.0 = Debug|Any CPU
		{70DC6845-9039-4885-8183-3C1F72E4E182}.Release|Any CPU.ActiveCfg = Release|Any CPU
		{70DC6845-9039-4885-8183-3C1F72E4E182}.Release|Any CPU.Build.0 = Release|Any CPU
	EndGlobalSection
	GlobalSection(SolutionProperties) = preSolution
		HideSolutionNode = FALSE
	EndGlobalSection
	GlobalSection(ExtensibilityGlobals) = postSolution
		SolutionGuid = {0A931895-C0FC-47FB-AF5B-890CD32B2321}
	EndGlobalSection
EndGlobal
